
Microsoft Visual Studio Solution File, Format Version 12.00
# Visual Studio Version 17
VisualStudioVersion = 17.0.31903.59
MinimumVisualStudioVersion = 10.0.40219.1
Project("{2150E333-8FDC-42A3-9474-1A3956D46DE8}") = "src", "src", "{4B78E29E-9452-4E32-8F39-F688E73C31FB}"
EndProject
Project("{2150E333-8FDC-42A3-9474-1A3956D46DE8}") = "Gateway", "Gateway", "{3417FF47-AA33-41B3-B00C-5B5114D03711}"
EndProject
Project("{FAE04EC0-301F-11D3-BF4B-00C04F79EFBC}") = "TNT.ApiGateway", "src\Gateway\TNT.ApiGateway\TNT.ApiGateway.csproj", "{BF11FE52-D7D0-4E5F-911E-7F8A1B88A519}"
EndProject
Project("{2150E333-8FDC-42A3-9474-1A3956D46DE8}") = "Services", "Services", "{7D6A2BDD-CD9F-4EF4-8F1E-0BE9E84AC7C1}"
EndProject
Project("{2150E333-8FDC-42A3-9474-1A3956D46DE8}") = "Identity", "Identity", "{E694BDA3-CAB0-4780-8C36-276FEFFB1B7C}"
EndProject
Project("{FAE04EC0-301F-11D3-BF4B-00C04F79EFBC}") = "TNT.IdentityService.Api", "src\Services\Identity\TNT.IdentityService.Api\TNT.IdentityService.Api.csproj", "{AF9BCE97-8B2B-43D6-A79D-5DE76F527AD7}"
EndProject
Project("{2150E333-8FDC-42A3-9474-1A3956D46DE8}") = "User", "User", "{CB0E0C9A-05B1-4ED0-804F-039C33284036}"
EndProject
Project("{FAE04EC0-301F-11D3-BF4B-00C04F79EFBC}") = "TNT.UserService.Api", "src\Services\User\TNT.UserService.Api\TNT.UserService.Api.csproj", "{3887B6EB-6ECA-4567-B4DB-1F9D31AD5604}"
EndProject
Project("{2150E333-8FDC-42A3-9474-1A3956D46DE8}") = "Product", "Product", "{C990432B-65D8-4E0E-A89C-265341C8645C}"
EndProject
Project("{FAE04EC0-301F-11D3-BF4B-00C04F79EFBC}") = "TNT.ProductService.Api", "src\Services\Product\TNT.ProductService.Api\TNT.ProductService.Api.csproj", "{EACF0DCC-21CC-48CE-9DB4-EB73BEF3F58C}"
EndProject
Project("{2150E333-8FDC-42A3-9474-1A3956D46DE8}") = "Inventory", "Inventory", "{176448D4-3757-4C13-B246-A7637995479A}"
EndProject
Project("{FAE04EC0-301F-11D3-BF4B-00C04F79EFBC}") = "TNT.InventoryService.Api", "src\Services\Inventory\TNT.InventoryService.Api\TNT.InventoryService.Api.csproj", "{BE51D50E-EDE1-4897-80BA-DD26958B615C}"
EndProject
Project("{2150E333-8FDC-42A3-9474-1A3956D46DE8}") = "Cart", "Cart", "{FDFCA262-3D82-453F-A45B-B5B18A27EC64}"
EndProject
Project("{FAE04EC0-301F-11D3-BF4B-00C04F79EFBC}") = "TNT.CartService.Api", "src\Services\Cart\TNT.CartService.Api\TNT.CartService.Api.csproj", "{4FA373FB-28AD-4511-A6A5-B6A7A0688652}"
EndProject
Project("{2150E333-8FDC-42A3-9474-1A3956D46DE8}") = "Order", "Order", "{3AF7807D-D290-4B61-A35E-211CB9EF5536}"
EndProject
Project("{FAE04EC0-301F-11D3-BF4B-00C04F79EFBC}") = "TNT.OrderService.Api", "src\Services\Order\TNT.OrderService.Api\TNT.OrderService.Api.csproj", "{F7A060F4-F164-4CA8-90EE-44CD3A69DF2E}"
EndProject
Project("{2150E333-8FDC-42A3-9474-1A3956D46DE8}") = "Payment", "Payment", "{1E35F721-1F04-4A50-8237-D4188C7A053F}"
EndProject
Project("{FAE04EC0-301F-11D3-BF4B-00C04F79EFBC}") = "TNT.PaymentService.Api", "src\Services\Payment\TNT.PaymentService.Api\TNT.PaymentService.Api.csproj", "{DF08E20C-7849-4CF5-9FE8-6A0330C827FA}"
EndProject
Project("{2150E333-8FDC-42A3-9474-1A3956D46DE8}") = "Notification", "Notification", "{D3C8E776-DBF5-4A6F-A611-19301A86ECBE}"
EndProject
Project("{FAE04EC0-301F-11D3-BF4B-00C04F79EFBC}") = "TNT.NotificationService.Api", "src\Services\Notification\TNT.NotificationService.Api\TNT.NotificationService.Api.csproj", "{2B9DA427-0F47-47FC-9B9C-7A08FE7D0428}"
EndProject
Project("{2150E333-8FDC-42A3-9474-1A3956D46DE8}") = "Reporting", "Reporting", "{3C179633-C105-40D2-BFD9-71BB68C19F12}"
EndProject
Project("{FAE04EC0-301F-11D3-BF4B-00C04F79EFBC}") = "TNT.ReportingService.Api", "src\Services\Reporting\TNT.ReportingService.Api\TNT.ReportingService.Api.csproj", "{ACAD9D0D-B9B8-4A65-8739-8442E8F79B5C}"
EndProject
Project("{2150E333-8FDC-42A3-9474-1A3956D46DE8}") = "tests", "tests", "{6B9B62AF-36EF-415C-A0DA-C3D21D51A4E7}"
EndProject
Project("{FAE04EC0-301F-11D3-BF4B-00C04F79EFBC}") = "TNT.IdentityService.Tests", "tests\TNT.IdentityService.Tests\TNT.IdentityService.Tests.csproj", "{B52E3F1E-C19B-4099-9E3A-DC63C44885EE}"
EndProject
Project("{FAE04EC0-301F-11D3-BF4B-00C04F79EFBC}") = "TNT.UserService.Tests", "tests\TNT.UserService.Tests\TNT.UserService.Tests.csproj", "{A1234567-0001-0001-0001-000000000001}"
EndProject
Project("{FAE04EC0-301F-11D3-BF4B-00C04F79EFBC}") = "TNT.ProductService.Tests", "tests\TNT.ProductService.Tests\TNT.ProductService.Tests.csproj", "{C2594D2F-EC89-45E1-8232-724A764CDB43}"
EndProject
Global
	GlobalSection(SolutionConfigurationPlatforms) = preSolution
		Debug|Any CPU = Debug|Any CPU
		Release|Any CPU = Release|Any CPU
	EndGlobalSection
	GlobalSection(SolutionProperties) = preSolution
		HideSolutionNode = FALSE
	EndGlobalSection
	GlobalSection(ProjectConfigurationPlatforms) = postSolution
		{BF11FE52-D7D0-4E5F-911E-7F8A1B88A519}.Debug|Any CPU.ActiveCfg = Debug|Any CPU
		{BF11FE52-D7D0-4E5F-911E-7F8A1B88A519}.Debug|Any CPU.Build.0 = Debug|Any CPU
		{BF11FE52-D7D0-4E5F-911E-7F8A1B88A519}.Release|Any CPU.ActiveCfg = Release|Any CPU
		{BF11FE52-D7D0-4E5F-911E-7F8A1B88A519}.Release|Any CPU.Build.0 = Release|Any CPU
		{AF9BCE97-8B2B-43D6-A79D-5DE76F527AD7}.Debug|Any CPU.ActiveCfg = Debug|Any CPU
		{AF9BCE97-8B2B-43D6-A79D-5DE76F527AD7}.Debug|Any CPU.Build.0 = Debug|Any CPU
		{AF9BCE97-8B2B-43D6-A79D-5DE76F527AD7}.Release|Any CPU.ActiveCfg = Release|Any CPU
		{AF9BCE97-8B2B-43D6-A79D-5DE76F527AD7}.Release|Any CPU.Build.0 = Release|Any CPU
		{3887B6EB-6ECA-4567-B4DB-1F9D31AD5604}.Debug|Any CPU.ActiveCfg = Debug|Any CPU
		{3887B6EB-6ECA-4567-B4DB-1F9D31AD5604}.Debug|Any CPU.Build.0 = Debug|Any CPU
		{3887B6EB-6ECA-4567-B4DB-1F9D31AD5604}.Release|Any CPU.ActiveCfg = Release|Any CPU
		{3887B6EB-6ECA-4567-B4DB-1F9D31AD5604}.Release|Any CPU.Build.0 = Release|Any CPU
		{EACF0DCC-21CC-48CE-9DB4-EB73BEF3F58C}.Debug|Any CPU.ActiveCfg = Debug|Any CPU
		{EACF0DCC-21CC-48CE-9DB4-EB73BEF3F58C}.Debug|Any CPU.Build.0 = Debug|Any CPU
		{EACF0DCC-21CC-48CE-9DB4-EB73BEF3F58C}.Release|Any CPU.ActiveCfg = Release|Any CPU
		{EACF0DCC-21CC-48CE-9DB4-EB73BEF3F58C}.Release|Any CPU.Build.0 = Release|Any CPU
		{BE51D50E-EDE1-4897-80BA-DD26958B615C}.Debug|Any CPU.ActiveCfg = Debug|Any CPU
		{BE51D50E-EDE1-4897-80BA-DD26958B615C}.Debug|Any CPU.Build.0 = Debug|Any CPU
		{BE51D50E-EDE1-4897-80BA-DD26958B615C}.Release|Any CPU.ActiveCfg = Release|Any CPU
		{BE51D50E-EDE1-4897-80BA-DD26958B615C}.Release|Any CPU.Build.0 = Release|Any CPU
		{4FA373FB-28AD-4511-A6A5-B6A7A0688652}.Debug|Any CPU.ActiveCfg = Debug|Any CPU
		{4FA373FB-28AD-4511-A6A5-B6A7A0688652}.Debug|Any CPU.Build.0 = Debug|Any CPU
		{4FA373FB-28AD-4511-A6A5-B6A7A0688652}.Release|Any CPU.ActiveCfg = Release|Any CPU
		{4FA373FB-28AD-4511-A6A5-B6A7A0688652}.Release|Any CPU.Build.0 = Release|Any CPU
		{F7A060F4-F164-4CA8-90EE-44CD3A69DF2E}.Debug|Any CPU.ActiveCfg = Debug|Any CPU
		{F7A060F4-F164-4CA8-90EE-44CD3A69DF2E}.Debug|Any CPU.Build.0 = Debug|Any CPU
		{F7A060F4-F164-4CA8-90EE-44CD3A69DF2E}.Release|Any CPU.ActiveCfg = Release|Any CPU
		{F7A060F4-F164-4CA8-90EE-44CD3A69DF2E}.Release|Any CPU.Build.0 = Release|Any CPU
		{DF08E20C-7849-4CF5-9FE8-6A0330C827FA}.Debug|Any CPU.ActiveCfg = Debug|Any CPU
		{DF08E20C-7849-4CF5-9FE8-6A0330C827FA}.Debug|Any CPU.Build.0 = Debug|Any CPU
		{DF08E20C-7849-4CF5-9FE8-6A0330C827FA}.Release|Any CPU.ActiveCfg = Release|Any CPU
		{DF08E20C-7849-4CF5-9FE8-6A0330C827FA}.Release|Any CPU.Build.0 = Release|Any CPU
		{2B9DA427-0F47-47FC-9B9C-7A08FE7D0428}.Debug|Any CPU.ActiveCfg = Debug|Any CPU
		{2B9DA427-0F47-47FC-9B9C-7A08FE7D0428}.Debug|Any CPU.Build.0 = Debug|Any CPU
		{2B9DA427-0F47-47FC-9B9C-7A08FE7D0428}.Release|Any CPU.ActiveCfg = Release|Any CPU
		{2B9DA427-0F47-47FC-9B9C-7A08FE7D0428}.Release|Any CPU.Build.0 = Release|Any CPU
		{ACAD9D0D-B9B8-4A65-8739-8442E8F79B5C}.Debug|Any CPU.ActiveCfg = Debug|Any CPU
		{ACAD9D0D-B9B8-4A65-8739-8442E8F79B5C}.Debug|Any CPU.Build.0 = Debug|Any CPU
		{ACAD9D0D-B9B8-4A65-8739-8442E8F79B5C}.Release|Any CPU.ActiveCfg = Release|Any CPU
		{ACAD9D0D-B9B8-4A65-8739-8442E8F79B5C}.Release|Any CPU.Build.0 = Release|Any CPU
		{B52E3F1E-C19B-4099-9E3A-DC63C44885EE}.Debug|Any CPU.ActiveCfg = Debug|Any CPU
		{B52E3F1E-C19B-4099-9E3A-DC63C44885EE}.Debug|Any CPU.Build.0 = Debug|Any CPU
		{B52E3F1E-C19B-4099-9E3A-DC63C44885EE}.Release|Any CPU.ActiveCfg = Release|Any CPU
		{B52E3F1E-C19B-4099-9E3A-DC63C44885EE}.Release|Any CPU.Build.0 = Release|Any CPU
		{A1234567-0001-0001-0001-000000000001}.Debug|Any CPU.ActiveCfg = Debug|Any CPU
		{A1234567-0001-0001-0001-000000000001}.Debug|Any CPU.Build.0 = Debug|Any CPU
		{A1234567-0001-0001-0001-000000000001}.Release|Any CPU.ActiveCfg = Release|Any CPU
		{A1234567-0001-0001-0001-000000000001}.Release|Any CPU.Build.0 = Release|Any CPU
		{C2594D2F-EC89-45E1-8232-724A764CDB43}.Debug|Any CPU.ActiveCfg = Debug|Any CPU
		{C2594D2F-EC89-45E1-8232-724A764CDB43}.Debug|Any CPU.Build.0 = Debug|Any CPU
		{C2594D2F-EC89-45E1-8232-724A764CDB43}.Release|Any CPU.ActiveCfg = Release|Any CPU
		{C2594D2F-EC89-45E1-8232-724A764CDB43}.Release|Any CPU.Build.0 = Release|Any CPU
	EndGlobalSection
	GlobalSection(NestedProjects) = preSolution
		{3417FF47-AA33-41B3-B00C-5B5114D03711} = {4B78E29E-9452-4E32-8F39-F688E73C31FB}
		{BF11FE52-D7D0-4E5F-911E-7F8A1B88A519} = {3417FF47-AA33-41B3-B00C-5B5114D03711}
		{7D6A2BDD-CD9F-4EF4-8F1E-0BE9E84AC7C1} = {4B78E29E-9452-4E32-8F39-F688E73C31FB}
		{E694BDA3-CAB0-4780-8C36-276FEFFB1B7C} = {7D6A2BDD-CD9F-4EF4-8F1E-0BE9E84AC7C1}
		{AF9BCE97-8B2B-43D6-A79D-5DE76F527AD7} = {E694BDA3-CAB0-4780-8C36-276FEFFB1B7C}
		{CB0E0C9A-05B1-4ED0-804F-039C33284036} = {7D6A2BDD-CD9F-4EF4-8F1E-0BE9E84AC7C1}
		{3887B6EB-6ECA-4567-B4DB-1F9D31AD5604} = {CB0E0C9A-05B1-4ED0-804F-039C33284036}
		{C990432B-65D8-4E0E-A89C-265341C8645C} = {7D6A2BDD-CD9F-4EF4-8F1E-0BE9E84AC7C1}
		{EACF0DCC-21CC-48CE-9DB4-EB73BEF3F58C} = {C990432B-65D8-4E0E-A89C-265341C8645C}
		{176448D4-3757-4C13-B246-A7637995479A} = {7D6A2BDD-CD9F-4EF4-8F1E-0BE9E84AC7C1}
		{BE51D50E-EDE1-4897-80BA-DD26958B615C} = {176448D4-3757-4C13-B246-A7637995479A}
		{FDFCA262-3D82-453F-A45B-B5B18A27EC64} = {7D6A2BDD-CD9F-4EF4-8F1E-0BE9E84AC7C1}
		{4FA373FB-28AD-4511-A6A5-B6A7A0688652} = {FDFCA262-3D82-453F-A45B-B5B18A27EC64}
		{3AF7807D-D290-4B61-A35E-211CB9EF5536} = {7D6A2BDD-CD9F-4EF4-8F1E-0BE9E84AC7C1}
		{F7A060F4-F164-4CA8-90EE-44CD3A69DF2E} = {3AF7807D-D290-4B61-A35E-211CB9EF5536}
		{1E35F721-1F04-4A50-8237-D4188C7A053F} = {7D6A2BDD-CD9F-4EF4-8F1E-0BE9E84AC7C1}
		{DF08E20C-7849-4CF5-9FE8-6A0330C827FA} = {1E35F721-1F04-4A50-8237-D4188C7A053F}
		{D3C8E776-DBF5-4A6F-A611-19301A86ECBE} = {7D6A2BDD-CD9F-4EF4-8F1E-0BE9E84AC7C1}
		{2B9DA427-0F47-47FC-9B9C-7A08FE7D0428} = {D3C8E776-DBF5-4A6F-A611-19301A86ECBE}
		{3C179633-C105-40D2-BFD9-71BB68C19F12} = {7D6A2BDD-CD9F-4EF4-8F1E-0BE9E84AC7C1}
		{ACAD9D0D-B9B8-4A65-8739-8442E8F79B5C} = {3C179633-C105-40D2-BFD9-71BB68C19F12}
		{B52E3F1E-C19B-4099-9E3A-DC63C44885EE} = {6B9B62AF-36EF-415C-A0DA-C3D21D51A4E7}
		{A1234567-0001-0001-0001-000000000001} = {6B9B62AF-36EF-415C-A0DA-C3D21D51A4E7}
		{C2594D2F-EC89-45E1-8232-724A764CDB43} = {6B9B62AF-36EF-415C-A0DA-C3D21D51A4E7}
	EndGlobalSection
EndGlobal
